
Microsoft Visual Studio Solution File, Format Version 12.00
# Visual Studio Version 16
VisualStudioVersion = 16.0.29926.136
MinimumVisualStudioVersion = 10.0.40219.1
Project("{FAE04EC0-301F-11D3-BF4B-00C04F79EFBC}") = "Example", "Example\Example.csproj", "{022CA07F-201A-4B2E-9FBE-1A5F85D740D3}"
EndProject
Project("{FAE04EC0-301F-11D3-BF4B-00C04F79EFBC}") = "Example.DI", "Example.DI\Example.DI.csproj", "{5F843B51-2164-461B-806F-5E74F8E029E1}"
EndProject
Global
	GlobalSection(SolutionConfigurationPlatforms) = preSolution
		Debug|Any CPU = Debug|Any CPU
		Release|Any CPU = Release|Any CPU
	EndGlobalSection
	GlobalSection(ProjectConfigurationPlatforms) = postSolution
		{022CA07F-201A-4B2E-9FBE-1A5F85D740D3}.Debug|Any CPU.ActiveCfg = Debug|Any CPU
		{022CA07F-201A-4B2E-9FBE-1A5F85D740D3}.Debug|Any CPU.Build.0 = Debug|Any CPU
		{022CA07F-201A-4B2E-9FBE-1A5F85D740D3}.Release|Any CPU.ActiveCfg = Release|Any CPU
		{022CA07F-201A-4B2E-9FBE-1A5F85D740D3}.Release|Any CPU.Build.0 = Release|Any CPU
		{5F843B51-2164-461B-806F-5E74F8E029E1}.Debug|Any CPU.ActiveCfg = Debug|Any CPU
		{5F843B51-2164-461B-806F-5E74F8E029E1}.Debug|Any CPU.Build.0 = Debug|Any CPU
		{5F843B51-2164-461B-806F-5E74F8E029E1}.Release|Any CPU.ActiveCfg = Release|Any CPU
		{5F843B51-2164-461B-806F-5E74F8E029E1}.Release|Any CPU.Build.0 = Release|Any CPU
	EndGlobalSection
	GlobalSection(SolutionProperties) = preSolution
		HideSolutionNode = FALSE
	EndGlobalSection
	GlobalSection(ExtensibilityGlobals) = postSolution
		SolutionGuid = {28A258C5-4F24-4BD8-9A98-F4571A35F0B1}
	EndGlobalSection
EndGlobal
